
Microsoft Visual Studio Solution File, Format Version 12.00
# Visual Studio Version 17
VisualStudioVersion = 17.10.35122.118
MinimumVisualStudioVersion = 10.0.40219.1
Project("{FAE04EC0-301F-11D3-BF4B-00C04F79EFBC}") = "AnonymousFunctions&&LINQ", "AnonymousFunctions&&LINQ\AnonymousFunctions&&LINQ.csproj", "{45A3F12A-733E-4747-9CAC-477CB8004D20}"
EndProject
Global
	GlobalSection(SolutionConfigurationPlatforms) = preSolution
		Debug|Any CPU = Debug|Any CPU
		Release|Any CPU = Release|Any CPU
	EndGlobalSection
	GlobalSection(ProjectConfigurationPlatforms) = postSolution
		{45A3F12A-733E-4747-9CAC-477CB8004D20}.Debug|Any CPU.ActiveCfg = Debug|Any CPU
		{45A3F12A-733E-4747-9CAC-477CB8004D20}.Debug|Any CPU.Build.0 = Debug|Any CPU
		{45A3F12A-733E-4747-9CAC-477CB8004D20}.Release|Any CPU.ActiveCfg = Release|Any CPU
		{45A3F12A-733E-4747-9CAC-477CB8004D20}.Release|Any CPU.Build.0 = Release|Any CPU
	EndGlobalSection
	GlobalSection(SolutionProperties) = preSolution
		HideSolutionNode = FALSE
	EndGlobalSection
	GlobalSection(ExtensibilityGlobals) = postSolution
		SolutionGuid = {F9D0382A-95D9-48E6-84FA-3E80086104D2}
	EndGlobalSection
EndGlobal
